
Microsoft Visual Studio Solution File, Format Version 12.00
# Visual Studio Version 16
VisualStudioVersion = 16.0.31112.23
MinimumVisualStudioVersion = 10.0.40219.1
Project("{FAE04EC0-301F-11D3-BF4B-00C04F79EFBC}") = "SCDEncoder", "SCDEncoder\SCDEncoder.csproj", "{17F30DC8-E2B5-4EFC-BD3B-3CA8F595484B}"
EndProject
Global
	GlobalSection(SolutionConfigurationPlatforms) = preSolution
		Debug|Any CPU = Debug|Any CPU
		Release|Any CPU = Release|Any CPU
	EndGlobalSection
	GlobalSection(ProjectConfigurationPlatforms) = postSolution
		{17F30DC8-E2B5-4EFC-BD3B-3CA8F595484B}.Debug|Any CPU.ActiveCfg = Debug|Any CPU
		{17F30DC8-E2B5-4EFC-BD3B-3CA8F595484B}.Debug|Any CPU.Build.0 = Debug|Any CPU
		{17F30DC8-E2B5-4EFC-BD3B-3CA8F595484B}.Release|Any CPU.ActiveCfg = Release|Any CPU
		{17F30DC8-E2B5-4EFC-BD3B-3CA8F595484B}.Release|Any CPU.Build.0 = Release|Any CPU
	EndGlobalSection
	GlobalSection(SolutionProperties) = preSolution
		HideSolutionNode = FALSE
	EndGlobalSection
	GlobalSection(ExtensibilityGlobals) = postSolution
		SolutionGuid = {963C41C2-DD46-45EE-B8F5-F2C795560D84}
	EndGlobalSection
EndGlobal
